// !$*UTF8*$!
{
	archiveVersion = 1;
	classes = {
	};
	objectVersion = 50;
	objects = {

/* Begin PBXBuildFile section */
		08BFDED2226BB958573D1699 /* Pods_ReduxTestApp.framework in Frameworks */ = {isa = PBXBuildFile; fileRef = B6885F19182B426A200289F6 /* Pods_ReduxTestApp.framework */; };
		CC7FF22F22C9FC60002BFC32 /* MainState.swift in Sources */ = {isa = PBXBuildFile; fileRef = CC7FF22E22C9FC60002BFC32 /* MainState.swift */; };
		CC7FF23522C9FDB7002BFC32 /* MainAction.swift in Sources */ = {isa = PBXBuildFile; fileRef = CC7FF23422C9FDB7002BFC32 /* MainAction.swift */; };
		CC7FF23B22C9FFB9002BFC32 /* MainReducer.swift in Sources */ = {isa = PBXBuildFile; fileRef = CC7FF23A22C9FFB9002BFC32 /* MainReducer.swift */; };
		CC7FF23E22CA02EC002BFC32 /* AppReducer.swift in Sources */ = {isa = PBXBuildFile; fileRef = CC7FF23D22CA02EC002BFC32 /* AppReducer.swift */; };
		CC7FF24022CA0A2A002BFC32 /* ApplicationCoordinator.swift in Sources */ = {isa = PBXBuildFile; fileRef = CC7FF23F22CA0A2A002BFC32 /* ApplicationCoordinator.swift */; };
		CC7FF24222CA0A92002BFC32 /* ViewController.swift in Sources */ = {isa = PBXBuildFile; fileRef = CC7FF24122CA0A92002BFC32 /* ViewController.swift */; };
		CC7FF24422CA0B1A002BFC32 /* SecondViewController.swift in Sources */ = {isa = PBXBuildFile; fileRef = CC7FF24322CA0B1A002BFC32 /* SecondViewController.swift */; };
		CC7FF24622CA433E002BFC32 /* SecondViewModel.swift in Sources */ = {isa = PBXBuildFile; fileRef = CC7FF24522CA433E002BFC32 /* SecondViewModel.swift */; };
		CC7FF24F22CB27F8002BFC32 /* MainMiddleware.swift in Sources */ = {isa = PBXBuildFile; fileRef = CC7FF24E22CB27F8002BFC32 /* MainMiddleware.swift */; };
		CC96EEF722D0036800F18A73 /* RepositoriesViewModel.swift in Sources */ = {isa = PBXBuildFile; fileRef = CC96EEF622D0036800F18A73 /* RepositoriesViewModel.swift */; };
		CC96EEFB22D0047000F18A73 /* RepositoriesViewController.swift in Sources */ = {isa = PBXBuildFile; fileRef = CC96EEFA22D0047000F18A73 /* RepositoriesViewController.swift */; };
		CC96EF0022D004B100F18A73 /* Repository.swift in Sources */ = {isa = PBXBuildFile; fileRef = CC96EEFF22D004B100F18A73 /* Repository.swift */; };
		CCC3C26F22CDA9AE0060F9E5 /* UserNameViewController.swift in Sources */ = {isa = PBXBuildFile; fileRef = CCC3C26E22CDA9AE0060F9E5 /* UserNameViewController.swift */; };
		CCC3C27122CDA9BF0060F9E5 /* UserNameViewModel.swift in Sources */ = {isa = PBXBuildFile; fileRef = CCC3C27022CDA9BF0060F9E5 /* UserNameViewModel.swift */; };
		CCE3B71F22C9FA2F00BA74CD /* AppDelegate.swift in Sources */ = {isa = PBXBuildFile; fileRef = CCE3B71E22C9FA2F00BA74CD /* AppDelegate.swift */; };
		CCE3B72422C9FA2F00BA74CD /* Main.storyboard in Resources */ = {isa = PBXBuildFile; fileRef = CCE3B72222C9FA2F00BA74CD /* Main.storyboard */; };
		CCE3B72622C9FA3000BA74CD /* Assets.xcassets in Resources */ = {isa = PBXBuildFile; fileRef = CCE3B72522C9FA3000BA74CD /* Assets.xcassets */; };
		CCE3B72922C9FA3000BA74CD /* LaunchScreen.storyboard in Resources */ = {isa = PBXBuildFile; fileRef = CCE3B72722C9FA3000BA74CD /* LaunchScreen.storyboard */; };
		CCE3B73122C9FA4200BA74CD /* AppState.swift in Sources */ = {isa = PBXBuildFile; fileRef = CCE3B73022C9FA4200BA74CD /* AppState.swift */; };
/* End PBXBuildFile section */

/* Begin PBXFileReference section */
		540462D35EFC680DE930CB31 /* Pods-ReduxTestApp.release.xcconfig */ = {isa = PBXFileReference; includeInIndex = 1; lastKnownFileType = text.xcconfig; name = "Pods-ReduxTestApp.release.xcconfig"; path = "Pods/Target Support Files/Pods-ReduxTestApp/Pods-ReduxTestApp.release.xcconfig"; sourceTree = "<group>"; };
		66C25EC7D2EC4762955754BD /* Pods-ReduxTestApp.debug.xcconfig */ = {isa = PBXFileReference; includeInIndex = 1; lastKnownFileType = text.xcconfig; name = "Pods-ReduxTestApp.debug.xcconfig"; path = "Pods/Target Support Files/Pods-ReduxTestApp/Pods-ReduxTestApp.debug.xcconfig"; sourceTree = "<group>"; };
		B6885F19182B426A200289F6 /* Pods_ReduxTestApp.framework */ = {isa = PBXFileReference; explicitFileType = wrapper.framework; includeInIndex = 0; path = Pods_ReduxTestApp.framework; sourceTree = BUILT_PRODUCTS_DIR; };
		CC7FF22E22C9FC60002BFC32 /* MainState.swift */ = {isa = PBXFileReference; lastKnownFileType = sourcecode.swift; path = MainState.swift; sourceTree = "<group>"; };
		CC7FF23422C9FDB7002BFC32 /* MainAction.swift */ = {isa = PBXFileReference; lastKnownFileType = sourcecode.swift; path = MainAction.swift; sourceTree = "<group>"; };
		CC7FF23A22C9FFB9002BFC32 /* MainReducer.swift */ = {isa = PBXFileReference; lastKnownFileType = sourcecode.swift; path = MainReducer.swift; sourceTree = "<group>"; };
		CC7FF23D22CA02EC002BFC32 /* AppReducer.swift */ = {isa = PBXFileReference; lastKnownFileType = sourcecode.swift; path = AppReducer.swift; sourceTree = "<group>"; };
		CC7FF23F22CA0A2A002BFC32 /* ApplicationCoordinator.swift */ = {isa = PBXFileReference; lastKnownFileType = sourcecode.swift; path = ApplicationCoordinator.swift; sourceTree = "<group>"; };
		CC7FF24122CA0A92002BFC32 /* ViewController.swift */ = {isa = PBXFileReference; lastKnownFileType = sourcecode.swift; path = ViewController.swift; sourceTree = "<group>"; };
		CC7FF24322CA0B1A002BFC32 /* SecondViewController.swift */ = {isa = PBXFileReference; lastKnownFileType = sourcecode.swift; path = SecondViewController.swift; sourceTree = "<group>"; };
		CC7FF24522CA433E002BFC32 /* SecondViewModel.swift */ = {isa = PBXFileReference; lastKnownFileType = sourcecode.swift; path = SecondViewModel.swift; sourceTree = "<group>"; };
		CC7FF24E22CB27F8002BFC32 /* MainMiddleware.swift */ = {isa = PBXFileReference; lastKnownFileType = sourcecode.swift; path = MainMiddleware.swift; sourceTree = "<group>"; };
		CC96EEF622D0036800F18A73 /* RepositoriesViewModel.swift */ = {isa = PBXFileReference; lastKnownFileType = sourcecode.swift; path = RepositoriesViewModel.swift; sourceTree = "<group>"; };
		CC96EEFA22D0047000F18A73 /* RepositoriesViewController.swift */ = {isa = PBXFileReference; lastKnownFileType = sourcecode.swift; path = RepositoriesViewController.swift; sourceTree = "<group>"; };
		CC96EEFF22D004B100F18A73 /* Repository.swift */ = {isa = PBXFileReference; lastKnownFileType = sourcecode.swift; path = Repository.swift; sourceTree = "<group>"; };
		CCC3C26E22CDA9AE0060F9E5 /* UserNameViewController.swift */ = {isa = PBXFileReference; lastKnownFileType = sourcecode.swift; path = UserNameViewController.swift; sourceTree = "<group>"; };
		CCC3C27022CDA9BF0060F9E5 /* UserNameViewModel.swift */ = {isa = PBXFileReference; lastKnownFileType = sourcecode.swift; path = UserNameViewModel.swift; sourceTree = "<group>"; };
		CCE3B71B22C9FA2F00BA74CD /* ReduxTestApp.app */ = {isa = PBXFileReference; explicitFileType = wrapper.application; includeInIndex = 0; path = ReduxTestApp.app; sourceTree = BUILT_PRODUCTS_DIR; };
		CCE3B71E22C9FA2F00BA74CD /* AppDelegate.swift */ = {isa = PBXFileReference; lastKnownFileType = sourcecode.swift; path = AppDelegate.swift; sourceTree = "<group>"; };
		CCE3B72322C9FA2F00BA74CD /* Base */ = {isa = PBXFileReference; lastKnownFileType = file.storyboard; name = Base; path = Base.lproj/Main.storyboard; sourceTree = "<group>"; };
		CCE3B72522C9FA3000BA74CD /* Assets.xcassets */ = {isa = PBXFileReference; lastKnownFileType = folder.assetcatalog; path = Assets.xcassets; sourceTree = "<group>"; };
		CCE3B72822C9FA3000BA74CD /* Base */ = {isa = PBXFileReference; lastKnownFileType = file.storyboard; name = Base; path = Base.lproj/LaunchScreen.storyboard; sourceTree = "<group>"; };
		CCE3B72A22C9FA3000BA74CD /* Info.plist */ = {isa = PBXFileReference; lastKnownFileType = text.plist.xml; path = Info.plist; sourceTree = "<group>"; };
		CCE3B73022C9FA4200BA74CD /* AppState.swift */ = {isa = PBXFileReference; lastKnownFileType = sourcecode.swift; path = AppState.swift; sourceTree = "<group>"; };
/* End PBXFileReference section */

/* Begin PBXFrameworksBuildPhase section */
		CCE3B71822C9FA2F00BA74CD /* Frameworks */ = {
			isa = PBXFrameworksBuildPhase;
			buildActionMask = 2147483647;
			files = (
				08BFDED2226BB958573D1699 /* Pods_ReduxTestApp.framework in Frameworks */,
			);
			runOnlyForDeploymentPostprocessing = 0;
		};
/* End PBXFrameworksBuildPhase section */

/* Begin PBXGroup section */
		18DCCC57F921D5A08A1582DF /* Pods */ = {
			isa = PBXGroup;
			children = (
				66C25EC7D2EC4762955754BD /* Pods-ReduxTestApp.debug.xcconfig */,
				540462D35EFC680DE930CB31 /* Pods-ReduxTestApp.release.xcconfig */,
			);
			name = Pods;
			sourceTree = "<group>";
		};
		482D98D28B874E93C56C4C00 /* Frameworks */ = {
			isa = PBXGroup;
			children = (
				B6885F19182B426A200289F6 /* Pods_ReduxTestApp.framework */,
			);
			name = Frameworks;
			sourceTree = "<group>";
		};
		CC7FF23622C9FDBD002BFC32 /* Action */ = {
			isa = PBXGroup;
			children = (
				CC7FF23422C9FDB7002BFC32 /* MainAction.swift */,
			);
			path = Action;
			sourceTree = "<group>";
		};
		CC7FF23C22C9FFBC002BFC32 /* Reducer */ = {
			isa = PBXGroup;
			children = (
				CC7FF23D22CA02EC002BFC32 /* AppReducer.swift */,
				CC7FF23A22C9FFB9002BFC32 /* MainReducer.swift */,
			);
			path = Reducer;
			sourceTree = "<group>";
		};
		CC7FF24922CB239B002BFC32 /* ViewController */ = {
			isa = PBXGroup;
			children = (
				CC7FF24122CA0A92002BFC32 /* ViewController.swift */,
				CC7FF24322CA0B1A002BFC32 /* SecondViewController.swift */,
			);
			path = ViewController;
			sourceTree = "<group>";
		};
		CC7FF24A22CB23A5002BFC32 /* ViewModel */ = {
			isa = PBXGroup;
			children = (
				CC7FF24522CA433E002BFC32 /* SecondViewModel.swift */,
			);
			path = ViewModel;
			sourceTree = "<group>";
		};
		CC7FF24B22CB23B8002BFC32 /* Coordinator */ = {
			isa = PBXGroup;
			children = (
				CC7FF23F22CA0A2A002BFC32 /* ApplicationCoordinator.swift */,
			);
			path = Coordinator;
			sourceTree = "<group>";
		};
		CC7FF25022CB27FC002BFC32 /* Middleware */ = {
			isa = PBXGroup;
			children = (
				CC7FF24E22CB27F8002BFC32 /* MainMiddleware.swift */,
			);
			path = Middleware;
			sourceTree = "<group>";
		};
		CC96EEF522D0031E00F18A73 /* Sample2 */ = {
			isa = PBXGroup;
			children = (
				CCC3C26E22CDA9AE0060F9E5 /* UserNameViewController.swift */,
				CCC3C27022CDA9BF0060F9E5 /* UserNameViewModel.swift */,
			);
			path = Sample2;
			sourceTree = "<group>";
		};
		CC96EEFC22D0047700F18A73 /* Sample3 */ = {
			isa = PBXGroup;
			children = (
				CC96EEFD22D0049200F18A73 /* VIewModel */,
				CC96EEFE22D0049A00F18A73 /* View */,
				CC96EF0122D004C800F18A73 /* Model */,
			);
			path = Sample3;
			sourceTree = "<group>";
		};
		CC96EEFD22D0049200F18A73 /* VIewModel */ = {
			isa = PBXGroup;
			children = (
				CC96EEF622D0036800F18A73 /* RepositoriesViewModel.swift */,
			);
			path = VIewModel;
			sourceTree = "<group>";
		};
		CC96EEFE22D0049A00F18A73 /* View */ = {
			isa = PBXGroup;
			children = (
				CC96EEFA22D0047000F18A73 /* RepositoriesViewController.swift */,
			);
			path = View;
			sourceTree = "<group>";
		};
		CC96EF0122D004C800F18A73 /* Model */ = {
			isa = PBXGroup;
			children = (
				CC96EEFF22D004B100F18A73 /* Repository.swift */,
			);
			path = Model;
			sourceTree = "<group>";
		};
		CCE3B71222C9FA2F00BA74CD = {
			isa = PBXGroup;
			children = (
				CCE3B71D22C9FA2F00BA74CD /* ReduxTestApp */,
				CC96EEF522D0031E00F18A73 /* Sample2 */,
				CCE3B71C22C9FA2F00BA74CD /* Products */,
				18DCCC57F921D5A08A1582DF /* Pods */,
				482D98D28B874E93C56C4C00 /* Frameworks */,
			);
			sourceTree = "<group>";
		};
		CCE3B71C22C9FA2F00BA74CD /* Products */ = {
			isa = PBXGroup;
			children = (
				CCE3B71B22C9FA2F00BA74CD /* ReduxTestApp.app */,
			);
			name = Products;
			sourceTree = "<group>";
		};
		CCE3B71D22C9FA2F00BA74CD /* ReduxTestApp */ = {
			isa = PBXGroup;
			children = (
				CCE3B71E22C9FA2F00BA74CD /* AppDelegate.swift */,
				CCE3B72222C9FA2F00BA74CD /* Main.storyboard */,
				CCE3B72522C9FA3000BA74CD /* Assets.xcassets */,
				CCE3B72722C9FA3000BA74CD /* LaunchScreen.storyboard */,
				CCE3B72A22C9FA3000BA74CD /* Info.plist */,
				CCE3B73222C9FA4600BA74CD /* State */,
				CC7FF23622C9FDBD002BFC32 /* Action */,
				CC7FF25022CB27FC002BFC32 /* Middleware */,
				CC7FF23C22C9FFBC002BFC32 /* Reducer */,
				CC7FF24A22CB23A5002BFC32 /* ViewModel */,
				CC7FF24922CB239B002BFC32 /* ViewController */,
				CC7FF24B22CB23B8002BFC32 /* Coordinator */,
				CC96EEFC22D0047700F18A73 /* Sample3 */,
			);
			path = ReduxTestApp;
			sourceTree = "<group>";
		};
		CCE3B73222C9FA4600BA74CD /* State */ = {
			isa = PBXGroup;
			children = (
				CCE3B73022C9FA4200BA74CD /* AppState.swift */,
				CC7FF22E22C9FC60002BFC32 /* MainState.swift */,
			);
			path = State;
			sourceTree = "<group>";
		};
/* End PBXGroup section */

/* Begin PBXNativeTarget section */
		CCE3B71A22C9FA2F00BA74CD /* ReduxTestApp */ = {
			isa = PBXNativeTarget;
			buildConfigurationList = CCE3B72D22C9FA3000BA74CD /* Build configuration list for PBXNativeTarget "ReduxTestApp" */;
			buildPhases = (
				BE928D56ADF505DCE1CFE058 /* [CP] Check Pods Manifest.lock */,
				CCE3B71722C9FA2F00BA74CD /* Sources */,
				CCE3B71822C9FA2F00BA74CD /* Frameworks */,
				CCE3B71922C9FA2F00BA74CD /* Resources */,
				565A173EE8698DD58BAED15C /* [CP] Embed Pods Frameworks */,
			);
			buildRules = (
			);
			dependencies = (
			);
			name = ReduxTestApp;
			productName = ReduxTestApp;
			productReference = CCE3B71B22C9FA2F00BA74CD /* ReduxTestApp.app */;
			productType = "com.apple.product-type.application";
		};
/* End PBXNativeTarget section */

/* Begin PBXProject section */
		CCE3B71322C9FA2F00BA74CD /* Project object */ = {
			isa = PBXProject;
			attributes = {
				LastSwiftUpdateCheck = 1020;
				LastUpgradeCheck = 1020;
				ORGANIZATIONNAME = amaocha;
				TargetAttributes = {
					CCE3B71A22C9FA2F00BA74CD = {
						CreatedOnToolsVersion = 10.2.1;
					};
				};
			};
			buildConfigurationList = CCE3B71622C9FA2F00BA74CD /* Build configuration list for PBXProject "ReduxTestApp" */;
			compatibilityVersion = "Xcode 9.3";
			developmentRegion = en;
			hasScannedForEncodings = 0;
			knownRegions = (
				en,
				Base,
			);
			mainGroup = CCE3B71222C9FA2F00BA74CD;
			productRefGroup = CCE3B71C22C9FA2F00BA74CD /* Products */;
			projectDirPath = "";
			projectRoot = "";
			targets = (
				CCE3B71A22C9FA2F00BA74CD /* ReduxTestApp */,
			);
		};
/* End PBXProject section */

/* Begin PBXResourcesBuildPhase section */
		CCE3B71922C9FA2F00BA74CD /* Resources */ = {
			isa = PBXResourcesBuildPhase;
			buildActionMask = 2147483647;
			files = (
				CCE3B72922C9FA3000BA74CD /* LaunchScreen.storyboard in Resources */,
				CCE3B72622C9FA3000BA74CD /* Assets.xcassets in Resources */,
				CCE3B72422C9FA2F00BA74CD /* Main.storyboard in Resources */,
			);
			runOnlyForDeploymentPostprocessing = 0;
		};
/* End PBXResourcesBuildPhase section */

/* Begin PBXShellScriptBuildPhase section */
		565A173EE8698DD58BAED15C /* [CP] Embed Pods Frameworks */ = {
			isa = PBXShellScriptBuildPhase;
			buildActionMask = 2147483647;
			files = (
			);
			inputFileListPaths = (
			);
			inputPaths = (
				"${SRCROOT}/Pods/Target Support Files/Pods-ReduxTestApp/Pods-ReduxTestApp-frameworks.sh",
				"${BUILT_PRODUCTS_DIR}/Alamofire/Alamofire.framework",
				"${BUILT_PRODUCTS_DIR}/Differentiator/Differentiator.framework",
				"${BUILT_PRODUCTS_DIR}/ObjectMapper/ObjectMapper.framework",
				"${BUILT_PRODUCTS_DIR}/ReSwift/ReSwift.framework",
				"${BUILT_PRODUCTS_DIR}/RxAlamofire/RxAlamofire.framework",
				"${BUILT_PRODUCTS_DIR}/RxAtomic/RxAtomic.framework",
				"${BUILT_PRODUCTS_DIR}/RxCocoa/RxCocoa.framework",
				"${BUILT_PRODUCTS_DIR}/RxDataSources/RxDataSources.framework",
				"${BUILT_PRODUCTS_DIR}/RxOptional/RxOptional.framework",
				"${BUILT_PRODUCTS_DIR}/RxSwift/RxSwift.framework",
			);
			name = "[CP] Embed Pods Frameworks";
			outputFileListPaths = (
			);
			outputPaths = (
				"${TARGET_BUILD_DIR}/${FRAMEWORKS_FOLDER_PATH}/Alamofire.framework",
				"${TARGET_BUILD_DIR}/${FRAMEWORKS_FOLDER_PATH}/Differentiator.framework",
				"${TARGET_BUILD_DIR}/${FRAMEWORKS_FOLDER_PATH}/ObjectMapper.framework",
				"${TARGET_BUILD_DIR}/${FRAMEWORKS_FOLDER_PATH}/ReSwift.framework",
				"${TARGET_BUILD_DIR}/${FRAMEWORKS_FOLDER_PATH}/RxAlamofire.framework",
				"${TARGET_BUILD_DIR}/${FRAMEWORKS_FOLDER_PATH}/RxAtomic.framework",
				"${TARGET_BUILD_DIR}/${FRAMEWORKS_FOLDER_PATH}/RxCocoa.framework",
				"${TARGET_BUILD_DIR}/${FRAMEWORKS_FOLDER_PATH}/RxDataSources.framework",
				"${TARGET_BUILD_DIR}/${FRAMEWORKS_FOLDER_PATH}/RxOptional.framework",
				"${TARGET_BUILD_DIR}/${FRAMEWORKS_FOLDER_PATH}/RxSwift.framework",
			);
			runOnlyForDeploymentPostprocessing = 0;
			shellPath = /bin/sh;
			shellScript = "\"${SRCROOT}/Pods/Target Support Files/Pods-ReduxTestApp/Pods-ReduxTestApp-frameworks.sh\"\n";
			showEnvVarsInLog = 0;
		};
		BE928D56ADF505DCE1CFE058 /* [CP] Check Pods Manifest.lock */ = {
			isa = PBXShellScriptBuildPhase;
			buildActionMask = 2147483647;
			files = (
			);
			inputFileListPaths = (
			);
			inputPaths = (
				"${PODS_PODFILE_DIR_PATH}/Podfile.lock",
				"${PODS_ROOT}/Manifest.lock",
			);
			name = "[CP] Check Pods Manifest.lock";
			outputFileListPaths = (
			);
			outputPaths = (
				"$(DERIVED_FILE_DIR)/Pods-ReduxTestApp-checkManifestLockResult.txt",
			);
			runOnlyForDeploymentPostprocessing = 0;
			shellPath = /bin/sh;
			shellScript = "diff \"${PODS_PODFILE_DIR_PATH}/Podfile.lock\" \"${PODS_ROOT}/Manifest.lock\" > /dev/null\nif [ $? != 0 ] ; then\n    # print error to STDERR\n    echo \"error: The sandbox is not in sync with the Podfile.lock. Run 'pod install' or update your CocoaPods installation.\" >&2\n    exit 1\nfi\n# This output is used by Xcode 'outputs' to avoid re-running this script phase.\necho \"SUCCESS\" > \"${SCRIPT_OUTPUT_FILE_0}\"\n";
			showEnvVarsInLog = 0;
		};
/* End PBXShellScriptBuildPhase section */

/* Begin PBXSourcesBuildPhase section */
		CCE3B71722C9FA2F00BA74CD /* Sources */ = {
			isa = PBXSourcesBuildPhase;
			buildActionMask = 2147483647;
			files = (
				CCE3B71F22C9FA2F00BA74CD /* AppDelegate.swift in Sources */,
				CC96EEFB22D0047000F18A73 /* RepositoriesViewController.swift in Sources */,
				CC7FF23B22C9FFB9002BFC32 /* MainReducer.swift in Sources */,
				CCC3C27122CDA9BF0060F9E5 /* UserNameViewModel.swift in Sources */,
				CC7FF24F22CB27F8002BFC32 /* MainMiddleware.swift in Sources */,
				CC7FF23E22CA02EC002BFC32 /* AppReducer.swift in Sources */,
				CC7FF24422CA0B1A002BFC32 /* SecondViewController.swift in Sources */,
				CC96EF0022D004B100F18A73 /* Repository.swift in Sources */,
				CCE3B73122C9FA4200BA74CD /* AppState.swift in Sources */,
				CC7FF24622CA433E002BFC32 /* SecondViewModel.swift in Sources */,
				CC7FF23522C9FDB7002BFC32 /* MainAction.swift in Sources */,
				CC7FF22F22C9FC60002BFC32 /* MainState.swift in Sources */,
				CC96EEF722D0036800F18A73 /* RepositoriesViewModel.swift in Sources */,
				CC7FF24222CA0A92002BFC32 /* ViewController.swift in Sources */,
				CCC3C26F22CDA9AE0060F9E5 /* UserNameViewController.swift in Sources */,
				CC7FF24022CA0A2A002BFC32 /* ApplicationCoordinator.swift in Sources */,
			);
			runOnlyForDeploymentPostprocessing = 0;
		};
/* End PBXSourcesBuildPhase section */

/* Begin PBXVariantGroup section */
		CCE3B72222C9FA2F00BA74CD /* Main.storyboard */ = {
			isa = PBXVariantGroup;
			children = (
				CCE3B72322C9FA2F00BA74CD /* Base */,
			);
			name = Main.storyboard;
			sourceTree = "<group>";
		};
		CCE3B72722C9FA3000BA74CD /* LaunchScreen.storyboard */ = {
			isa = PBXVariantGroup;
			children = (
				CCE3B72822C9FA3000BA74CD /* Base */,
			);
			name = LaunchScreen.storyboard;
			sourceTree = "<group>";
		};
/* End PBXVariantGroup section */

/* Begin XCBuildConfiguration section */
		CCE3B72B22C9FA3000BA74CD /* Debug */ = {
			isa = XCBuildConfiguration;
			buildSettings = {
				ALWAYS_SEARCH_USER_PATHS = NO;
				CLANG_ANALYZER_NONNULL = YES;
				CLANG_ANALYZER_NUMBER_OBJECT_CONVERSION = YES_AGGRESSIVE;
				CLANG_CXX_LANGUAGE_STANDARD = "gnu++14";
				CLANG_CXX_LIBRARY = "libc++";
				CLANG_ENABLE_MODULES = YES;
				CLANG_ENABLE_OBJC_ARC = YES;
				CLANG_ENABLE_OBJC_WEAK = YES;
				CLANG_WARN_BLOCK_CAPTURE_AUTORELEASING = YES;
				CLANG_WARN_BOOL_CONVERSION = YES;
				CLANG_WARN_COMMA = YES;
				CLANG_WARN_CONSTANT_CONVERSION = YES;
				CLANG_WARN_DEPRECATED_OBJC_IMPLEMENTATIONS = YES;
				CLANG_WARN_DIRECT_OBJC_ISA_USAGE = YES_ERROR;
				CLANG_WARN_DOCUMENTATION_COMMENTS = YES;
				CLANG_WARN_EMPTY_BODY = YES;
				CLANG_WARN_ENUM_CONVERSION = YES;
				CLANG_WARN_INFINITE_RECURSION = YES;
				CLANG_WARN_INT_CONVERSION = YES;
				CLANG_WARN_NON_LITERAL_NULL_CONVERSION = YES;
				CLANG_WARN_OBJC_IMPLICIT_RETAIN_SELF = YES;
				CLANG_WARN_OBJC_LITERAL_CONVERSION = YES;
				CLANG_WARN_OBJC_ROOT_CLASS = YES_ERROR;
				CLANG_WARN_RANGE_LOOP_ANALYSIS = YES;
				CLANG_WARN_STRICT_PROTOTYPES = YES;
				CLANG_WARN_SUSPICIOUS_MOVE = YES;
				CLANG_WARN_UNGUARDED_AVAILABILITY = YES_AGGRESSIVE;
				CLANG_WARN_UNREACHABLE_CODE = YES;
				CLANG_WARN__DUPLICATE_METHOD_MATCH = YES;
				CODE_SIGN_IDENTITY = "iPhone Developer";
				COPY_PHASE_STRIP = NO;
				DEBUG_INFORMATION_FORMAT = dwarf;
				ENABLE_STRICT_OBJC_MSGSEND = YES;
				ENABLE_TESTABILITY = YES;
				GCC_C_LANGUAGE_STANDARD = gnu11;
				GCC_DYNAMIC_NO_PIC = NO;
				GCC_NO_COMMON_BLOCKS = YES;
				GCC_OPTIMIZATION_LEVEL = 0;
				GCC_PREPROCESSOR_DEFINITIONS = (
					"DEBUG=1",
					"$(inherited)",
				);
				GCC_WARN_64_TO_32_BIT_CONVERSION = YES;
				GCC_WARN_ABOUT_RETURN_TYPE = YES_ERROR;
				GCC_WARN_UNDECLARED_SELECTOR = YES;
				GCC_WARN_UNINITIALIZED_AUTOS = YES_AGGRESSIVE;
				GCC_WARN_UNUSED_FUNCTION = YES;
				GCC_WARN_UNUSED_VARIABLE = YES;
				IPHONEOS_DEPLOYMENT_TARGET = 12.2;
				MTL_ENABLE_DEBUG_INFO = INCLUDE_SOURCE;
				MTL_FAST_MATH = YES;
				ONLY_ACTIVE_ARCH = YES;
				SDKROOT = iphoneos;
				SWIFT_ACTIVE_COMPILATION_CONDITIONS = DEBUG;
				SWIFT_OPTIMIZATION_LEVEL = "-Onone";
			};
			name = Debug;
		};
		CCE3B72C22C9FA3000BA74CD /* Release */ = {
			isa = XCBuildConfiguration;
			buildSettings = {
				ALWAYS_SEARCH_USER_PATHS = NO;
				CLANG_ANALYZER_NONNULL = YES;
				CLANG_ANALYZER_NUMBER_OBJECT_CONVERSION = YES_AGGRESSIVE;
				CLANG_CXX_LANGUAGE_STANDARD = "gnu++14";
				CLANG_CXX_LIBRARY = "libc++";
				CLANG_ENABLE_MODULES = YES;
				CLANG_ENABLE_OBJC_ARC = YES;
				CLANG_ENABLE_OBJC_WEAK = YES;
				CLANG_WARN_BLOCK_CAPTURE_AUTORELEASING = YES;
				CLANG_WARN_BOOL_CONVERSION = YES;
				CLANG_WARN_COMMA = YES;
				CLANG_WARN_CONSTANT_CONVERSION = YES;
				CLANG_WARN_DEPRECATED_OBJC_IMPLEMENTATIONS = YES;
				CLANG_WARN_DIRECT_OBJC_ISA_USAGE = YES_ERROR;
				CLANG_WARN_DOCUMENTATION_COMMENTS = YES;
				CLANG_WARN_EMPTY_BODY = YES;
				CLANG_WARN_ENUM_CONVERSION = YES;
				CLANG_WARN_INFINITE_RECURSION = YES;
				CLANG_WARN_INT_CONVERSION = YES;
				CLANG_WARN_NON_LITERAL_NULL_CONVERSION = YES;
				CLANG_WARN_OBJC_IMPLICIT_RETAIN_SELF = YES;
				CLANG_WARN_OBJC_LITERAL_CONVERSION = YES;
				CLANG_WARN_OBJC_ROOT_CLASS = YES_ERROR;
				CLANG_WARN_RANGE_LOOP_ANALYSIS = YES;
				CLANG_WARN_STRICT_PROTOTYPES = YES;
				CLANG_WARN_SUSPICIOUS_MOVE = YES;
				CLANG_WARN_UNGUARDED_AVAILABILITY = YES_AGGRESSIVE;
				CLANG_WARN_UNREACHABLE_CODE = YES;
				CLANG_WARN__DUPLICATE_METHOD_MATCH = YES;
				CODE_SIGN_IDENTITY = "iPhone Developer";
				COPY_PHASE_STRIP = NO;
				DEBUG_INFORMATION_FORMAT = "dwarf-with-dsym";
				ENABLE_NS_ASSERTIONS = NO;
				ENABLE_STRICT_OBJC_MSGSEND = YES;
				GCC_C_LANGUAGE_STANDARD = gnu11;
				GCC_NO_COMMON_BLOCKS = YES;
				GCC_WARN_64_TO_32_BIT_CONVERSION = YES;
				GCC_WARN_ABOUT_RETURN_TYPE = YES_ERROR;
				GCC_WARN_UNDECLARED_SELECTOR = YES;
				GCC_WARN_UNINITIALIZED_AUTOS = YES_AGGRESSIVE;
				GCC_WARN_UNUSED_FUNCTION = YES;
				GCC_WARN_UNUSED_VARIABLE = YES;
				IPHONEOS_DEPLOYMENT_TARGET = 12.2;
				MTL_ENABLE_DEBUG_INFO = NO;
				MTL_FAST_MATH = YES;
				SDKROOT = iphoneos;
				SWIFT_COMPILATION_MODE = wholemodule;
				SWIFT_OPTIMIZATION_LEVEL = "-O";
				VALIDATE_PRODUCT = YES;
			};
			name = Release;
		};
		CCE3B72E22C9FA3000BA74CD /* Debug */ = {
			isa = XCBuildConfiguration;
			baseConfigurationReference = 66C25EC7D2EC4762955754BD /* Pods-ReduxTestApp.debug.xcconfig */;
			buildSettings = {
				ASSETCATALOG_COMPILER_APPICON_NAME = AppIcon;
				CODE_SIGN_STYLE = Automatic;
				DEVELOPMENT_TEAM = U2W9UR892A;
				INFOPLIST_FILE = ReduxTestApp/Info.plist;
				LD_RUNPATH_SEARCH_PATHS = (
					"$(inherited)",
					"@executable_path/Frameworks",
				);
				PRODUCT_BUNDLE_IDENTIFIER = net.amaocha.ReduxTestApp;
				PRODUCT_NAME = "$(TARGET_NAME)";
				SWIFT_VERSION = 5.0;
				TARGETED_DEVICE_FAMILY = "1,2";
			};
			name = Debug;
		};
		CCE3B72F22C9FA3000BA74CD /* Release */ = {
			isa = XCBuildConfiguration;
			baseConfigurationReference = 540462D35EFC680DE930CB31 /* Pods-ReduxTestApp.release.xcconfig */;
			buildSettings = {
				ASSETCATALOG_COMPILER_APPICON_NAME = AppIcon;
				CODE_SIGN_STYLE = Automatic;
				DEVELOPMENT_TEAM = U2W9UR892A;
				INFOPLIST_FILE = ReduxTestApp/Info.plist;
				LD_RUNPATH_SEARCH_PATHS = (
					"$(inherited)",
					"@executable_path/Frameworks",
				);
				PRODUCT_BUNDLE_IDENTIFIER = net.amaocha.ReduxTestApp;
				PRODUCT_NAME = "$(TARGET_NAME)";
				SWIFT_VERSION = 5.0;
				TARGETED_DEVICE_FAMILY = "1,2";
			};
			name = Release;
		};
/* End XCBuildConfiguration section */

/* Begin XCConfigurationList section */
		CCE3B71622C9FA2F00BA74CD /* Build configuration list for PBXProject "ReduxTestApp" */ = {
			isa = XCConfigurationList;
			buildConfigurations = (
				CCE3B72B22C9FA3000BA74CD /* Debug */,
				CCE3B72C22C9FA3000BA74CD /* Release */,
			);
			defaultConfigurationIsVisible = 0;
			defaultConfigurationName = Release;
		};
		CCE3B72D22C9FA3000BA74CD /* Build configuration list for PBXNativeTarget "ReduxTestApp" */ = {
			isa = XCConfigurationList;
			buildConfigurations = (
				CCE3B72E22C9FA3000BA74CD /* Debug */,
				CCE3B72F22C9FA3000BA74CD /* Release */,
			);
			defaultConfigurationIsVisible = 0;
			defaultConfigurationName = Release;
		};
/* End XCConfigurationList section */
	};
	rootObject = CCE3B71322C9FA2F00BA74CD /* Project object */;
}
